
Microsoft Visual Studio Solution File, Format Version 12.00
# Visual Studio 15
VisualStudioVersion = 15.0.28307.1622
MinimumVisualStudioVersion = 10.0.40219.1
Project("{FAE04EC0-301F-11D3-BF4B-00C04F79EFBC}") = "Drone_ServerApp", "Drone_ServerApp\Drone_ServerApp.csproj", "{F74B2033-2192-492B-8336-E3A5EA871901}"
EndProject
Global
	GlobalSection(SolutionConfigurationPlatforms) = preSolution
		Debug|Any CPU = Debug|Any CPU
		Release|Any CPU = Release|Any CPU
	EndGlobalSection
	GlobalSection(ProjectConfigurationPlatforms) = postSolution
		{F74B2033-2192-492B-8336-E3A5EA871901}.Debug|Any CPU.ActiveCfg = Debug|Any CPU
		{F74B2033-2192-492B-8336-E3A5EA871901}.Debug|Any CPU.Build.0 = Debug|Any CPU
		{F74B2033-2192-492B-8336-E3A5EA871901}.Release|Any CPU.ActiveCfg = Release|Any CPU
		{F74B2033-2192-492B-8336-E3A5EA871901}.Release|Any CPU.Build.0 = Release|Any CPU
	EndGlobalSection
	GlobalSection(SolutionProperties) = preSolution
		HideSolutionNode = FALSE
	EndGlobalSection
	GlobalSection(ExtensibilityGlobals) = postSolution
		SolutionGuid = {D0393849-A49B-4F1E-94AD-7B16BAACDEE9}
	EndGlobalSection
EndGlobal
